<?xml version="1.0" encoding="utf-8"?>
<Project ToolsVersion="4.0" xmlns="http://schemas.microsoft.com/developer/msbuild/2003">
  <ItemGroup>
    <Filter Include="Source Files">
      <UniqueIdentifier>{4FC737F1-C7A5-4376-A066-2A32D752A2FF}</UniqueIdentifier>
      <Extensions>cpp;c;cc;cxx;c++;cppm;ixx;def;odl;idl;hpj;bat;asm;asmx</Extensions>
    </Filter>
    <Filter Include="Resource Files">
      <UniqueIdentifier>{67DA6AB6-F800-4c08-8B7A-83BB121AAD01}</UniqueIdentifier>
      <Extensions>rc;ico;cur;bmp;dlg;rc2;rct;bin;rgs;gif;jpg;jpeg;jpe;resx;tiff;tif;png;wav;mfcribbon-ms</Extensions>
    </Filter>
    <Filter Include="Source Files\vulkan">
      <UniqueIdentifier>{38c06094-40e5-4794-bd06-5fcb3721ecaa}</UniqueIdentifier>
    </Filter>
    <Filter Include="Source Files\vulkan\core">
      <UniqueIdentifier>{2ab0c0ed-fc93-431a-b2ec-e7d963417df3}</UniqueIdentifier>
    </Filter>
    <Filter Include="Source Files\vulkan\memory">
      <UniqueIdentifier>{59708fb6-14be-4632-9454-eb597dc655be}</UniqueIdentifier>
    </Filter>
    <Filter Include="Source Files\vulkan\models">
      <UniqueIdentifier>{08099e61-b3ae-464c-91f9-4dec6bc6cbe7}</UniqueIdentifier>
    </Filter>
    <Filter Include="Source Files\vulkan\objects">
      <UniqueIdentifier>{7e4340a7-37ca-48bc-b01c-d0de56c23b70}</UniqueIdentifier>
    </Filter>
    <Filter Include="Source Files\vulkan\user">
      <UniqueIdentifier>{5679dee8-93b1-452a-9ab3-c336cfcb4ca5}</UniqueIdentifier>
    </Filter>
    <Filter Include="Source Files\vulkan\utils">
      <UniqueIdentifier>{05f654d7-62ac-4bc0-94c7-69acb3ef3989}</UniqueIdentifier>
    </Filter>
    <Filter Include="Source Files\vulkan\shader">
      <UniqueIdentifier>{9e3bb6f3-b855-413f-813f-31a273728937}</UniqueIdentifier>
    </Filter>
    <Filter Include="Header Files">
      <UniqueIdentifier>{93995380-89BD-4b04-88EB-625FBE52EBFB}</UniqueIdentifier>
      <Extensions>h;hh;hpp;hxx;h++;hm;inl;inc;ipp;xsd</Extensions>
    </Filter>
    <Filter Include="Header Files\vulkan">
      <UniqueIdentifier>{2188f224-d26f-41dc-8766-148daeb9d7c8}</UniqueIdentifier>
    </Filter>
    <Filter Include="Header Files\vulkan\objects">
      <UniqueIdentifier>{49699ed9-137a-44e4-a78e-5fbda8f1254e}</UniqueIdentifier>
    </Filter>
    <Filter Include="Header Files\vulkan\user">
      <UniqueIdentifier>{bcf6e167-d954-45da-bce6-5805c447ef4d}</UniqueIdentifier>
    </Filter>
    <Filter Include="Header Files\vulkan\models">
      <UniqueIdentifier>{9f17b8f2-c005-4e2b-9b04-50611fea7244}</UniqueIdentifier>
    </Filter>
    <Filter Include="Header Files\vulkan\core">
      <UniqueIdentifier>{96f389dc-1646-4f4e-a796-6a810e772107}</UniqueIdentifier>
    </Filter>
    <Filter Include="Header Files\vulkan\memory">
      <UniqueIdentifier>{3883b21c-8ae5-4a8f-81d7-1237cb514fc8}</UniqueIdentifier>
    </Filter>
    <Filter Include="Header Files\vulkan\utils">
      <UniqueIdentifier>{62ae335a-7cff-46bb-899c-1a31d60bcf85}</UniqueIdentifier>
    </Filter>
    <Filter Include="Header Files\vulkan\shader">
      <UniqueIdentifier>{a7f7ee0b-6056-43b7-a15a-31af115c3272}</UniqueIdentifier>
    </Filter>
    <Filter Include="Source Files\vulkan\memory\descriptors">
      <UniqueIdentifier>{20a3d267-e648-4ff7-9b38-229c73583285}</UniqueIdentifier>
    </Filter>
    <Filter Include="Header Files\vulkan\memory\descriptors">
      <UniqueIdentifier>{2bbeebdd-895e-41ce-b382-ef5fd4be9426}</UniqueIdentifier>
    </Filter>
    <Filter Include="Header Files\old">
      <UniqueIdentifier>{2d2a43e1-9b0d-4f91-ae4f-da64691ca55d}</UniqueIdentifier>
    </Filter>
    <Filter Include="Source Files\old">
      <UniqueIdentifier>{918151da-39c2-4fda-b9e9-629f7c37216a}</UniqueIdentifier>
    </Filter>
    <Filter Include="Resource Files\shaders">
      <UniqueIdentifier>{6c6f57bb-f3d6-4701-b9a2-08f4207e5434}</UniqueIdentifier>
    </Filter>
    <Filter Include="Source Files\vulkan\memory\buffer">
      <UniqueIdentifier>{4426b709-6f91-40a8-9719-035436075422}</UniqueIdentifier>
    </Filter>
    <Filter Include="Header Files\vulkan\memory\buffer">
      <UniqueIdentifier>{e10c0f9c-d0dc-4f2b-a094-6e3d4f15faca}</UniqueIdentifier>
    </Filter>
  </ItemGroup>
  <ItemGroup>
    <ClCompile Include="HlcApp.cpp">
      <Filter>Source Files</Filter>
    </ClCompile>
    <ClCompile Include="main.cpp">
      <Filter>Source Files</Filter>
    </ClCompile>
    <ClCompile Include="vulkan\core\CthDevice.cpp">
      <Filter>Source Files\vulkan\core</Filter>
    </ClCompile>
    <ClCompile Include="vulkan\core\CthPipeline.cpp">
      <Filter>Source Files\vulkan\core</Filter>
    </ClCompile>
    <ClCompile Include="vulkan\core\CthRenderer.cpp">
      <Filter>Source Files\vulkan\core</Filter>
    </ClCompile>
    <ClCompile Include="vulkan\core\CthSwapchain.cpp">
      <Filter>Source Files\vulkan\core</Filter>
    </ClCompile>
    <ClCompile Include="vulkan\core\CthWindow.cpp">
      <Filter>Source Files\vulkan\core</Filter>
    </ClCompile>
    <ClCompile Include="vulkan\memory\HlcMemoryChunk.cpp">
      <Filter>Source Files\vulkan\memory</Filter>
    </ClCompile>
    <ClCompile Include="vulkan\memory\HlcMemoryManager.cpp">
      <Filter>Source Files\vulkan\memory</Filter>
    </ClCompile>
    <ClCompile Include="vulkan\models\HlcModel.cpp">
      <Filter>Source Files\vulkan\models</Filter>
    </ClCompile>
    <ClCompile Include="vulkan\models\HlcImage.cpp">
      <Filter>Source Files\vulkan\models</Filter>
    </ClCompile>
    <ClCompile Include="vulkan\models\HlcModelManager.cpp">
      <Filter>Source Files\vulkan\models</Filter>
    </ClCompile>
    <ClCompile Include="vulkan\models\HlcTextureSampler.cpp">
      <Filter>Source Files\vulkan\models</Filter>
    </ClCompile>
    <ClCompile Include="vulkan\models\HlcVertex.cpp">
      <Filter>Source Files\vulkan\models</Filter>
    </ClCompile>
    <ClCompile Include="vulkan\objects\HlcStandardObject.cpp">
      <Filter>Source Files\vulkan\objects</Filter>
    </ClCompile>
    <ClCompile Include="vulkan\user\HlcInputController.cpp">
      <Filter>Source Files\vulkan\user</Filter>
    </ClCompile>
    <ClCompile Include="vulkan\user\HlcCamera.cpp">
      <Filter>Source Files\vulkan\user</Filter>
    </ClCompile>
    <ClCompile Include="vulkan\utils\HlcRenderSystem.cpp">
      <Filter>Source Files\vulkan\utils</Filter>
    </ClCompile>
    <ClCompile Include="vulkan\core\CthInstance.cpp">
      <Filter>Source Files\vulkan\core</Filter>
    </ClCompile>
    <ClCompile Include="vulkan\utils\CthDebugMessenger.cpp">
      <Filter>Source Files\vulkan\utils</Filter>
    </ClCompile>
    <ClCompile Include="vulkan\utils\HlcShader.cpp">
      <Filter>Source Files\vulkan\shader</Filter>
    </ClCompile>
    <ClCompile Include="vulkan\memory\descriptors\CthDescriptor.cpp">
      <Filter>Source Files\vulkan\memory\descriptors</Filter>
    </ClCompile>
    <ClCompile Include="old\HlcOldModel.cpp">
      <Filter>Source Files\old</Filter>
    </ClCompile>
    <ClCompile Include="old\HlcOldMesh.cpp">
      <Filter>Source Files\old</Filter>
    </ClCompile>
    <ClCompile Include="old\HlcOldMemoryManager.cpp">
      <Filter>Source Files\old</Filter>
    </ClCompile>
    <ClCompile Include="old\HlcOldChunkUpdateQueue.cpp">
      <Filter>Source Files\old</Filter>
    </ClCompile>
    <ClCompile Include="old\HlcDescriptor.cpp">
      <Filter>Source Files\old</Filter>
    </ClCompile>
    <ClCompile Include="vulkan\memory\descriptors\CthDescriptorSetLayout.cpp">
      <Filter>Source Files\vulkan\memory\descriptors</Filter>
    </ClCompile>
    <ClCompile Include="vulkan\memory\descriptors\CthDescriptorSet.cpp">
      <Filter>Source Files\vulkan\memory\descriptors</Filter>
    </ClCompile>
    <ClCompile Include="vulkan\memory\descriptors\CthDescriptorPool.cpp">
      <Filter>Source Files\vulkan\memory\descriptors</Filter>
    </ClCompile>
    <ClCompile Include="vulkan\memory\buffer\CthBuffer.cpp">
      <Filter>Source Files\vulkan\memory\buffer</Filter>
    </ClCompile>
    <ClCompile Include="vulkan\memory\buffer\CthDefaultBuffer.cpp">
      <Filter>Source Files\vulkan\memory\buffer</Filter>
    </ClCompile>
  </ItemGroup>
  <ItemGroup>
    <ClInclude Include="HlcApp.hpp">
      <Filter>Header Files</Filter>
    </ClInclude>
    <ClInclude Include="vulkan\core\CthDevice.hpp">
      <Filter>Header Files\vulkan\core</Filter>
    </ClInclude>
    <ClInclude Include="vulkan\core\CthPipeline.hpp">
      <Filter>Header Files\vulkan\core</Filter>
    </ClInclude>
    <ClInclude Include="vulkan\core\CthRenderer.hpp">
      <Filter>Header Files\vulkan\core</Filter>
    </ClInclude>
    <ClInclude Include="vulkan\core\CthSwapchain.hpp">
      <Filter>Header Files\vulkan\core</Filter>
    </ClInclude>
    <ClInclude Include="vulkan\core\CthWindow.hpp">
      <Filter>Header Files\vulkan\core</Filter>
    </ClInclude>
    <ClInclude Include="vulkan\memory\HlcMemoryChunk.hpp">
      <Filter>Header Files\vulkan\memory</Filter>
    </ClInclude>
    <ClInclude Include="vulkan\memory\HlcMemoryManager.hpp">
      <Filter>Header Files\vulkan\memory</Filter>
    </ClInclude>
    <ClInclude Include="vulkan\models\HlcImage.hpp">
      <Filter>Header Files\vulkan\models</Filter>
    </ClInclude>
    <ClInclude Include="vulkan\models\HlcModel.hpp">
      <Filter>Header Files\vulkan\models</Filter>
    </ClInclude>
    <ClInclude Include="vulkan\models\HlcModelManager.hpp">
      <Filter>Header Files\vulkan\models</Filter>
    </ClInclude>
    <ClInclude Include="vulkan\models\HlcTextureSampler.hpp">
      <Filter>Header Files\vulkan\models</Filter>
    </ClInclude>
    <ClInclude Include="vulkan\models\HlcVertex.hpp">
      <Filter>Header Files\vulkan\models</Filter>
    </ClInclude>
    <ClInclude Include="vulkan\objects\HlcRenderObject.hpp">
      <Filter>Header Files\vulkan\objects</Filter>
    </ClInclude>
    <ClInclude Include="vulkan\objects\HlcStandardObject.hpp">
      <Filter>Header Files\vulkan\objects</Filter>
    </ClInclude>
    <ClInclude Include="vulkan\user\HlcCamera.hpp">
      <Filter>Header Files\vulkan\user</Filter>
    </ClInclude>
    <ClInclude Include="vulkan\user\HlcInputController.hpp">
      <Filter>Header Files\vulkan\user</Filter>
    </ClInclude>
    <ClInclude Include="vulkan\user\HlcUser.hpp">
      <Filter>Header Files\vulkan\user</Filter>
    </ClInclude>
    <ClInclude Include="vulkan\utils\HlcFrameInfo.hpp">
      <Filter>Header Files\vulkan\utils</Filter>
    </ClInclude>
    <ClInclude Include="vulkan\utils\HlcPushConstant.hpp">
      <Filter>Header Files\vulkan\utils</Filter>
    </ClInclude>
    <ClInclude Include="vulkan\utils\HlcRenderSystem.hpp">
      <Filter>Header Files\vulkan\utils</Filter>
    </ClInclude>
    <ClInclude Include="vulkan\utils\cth_vk_specific_utils.hpp">
      <Filter>Header Files\vulkan\utils</Filter>
    </ClInclude>
    <ClInclude Include="vulkan\core\CthInstance.hpp">
      <Filter>Header Files\vulkan\core</Filter>
    </ClInclude>
    <ClInclude Include="vulkan\utils\CthDebugMessenger.hpp">
      <Filter>Header Files\vulkan\utils</Filter>
    </ClInclude>
    <ClInclude Include="vulkan\utils\HlcShader.hpp">
      <Filter>Header Files\vulkan\shader</Filter>
    </ClInclude>
    <ClInclude Include="vulkan\memory\descriptors\CthDescriptedResource.hpp">
      <Filter>Header Files\vulkan\memory\descriptors</Filter>
    </ClInclude>
    <ClInclude Include="vulkan\memory\descriptors\CthDescriptor.hpp">
      <Filter>Header Files\vulkan\memory\descriptors</Filter>
    </ClInclude>
    <ClInclude Include="old\HlcDescriptor.hpp">
      <Filter>Header Files\old</Filter>
    </ClInclude>
    <ClInclude Include="old\HlcOldChunkUpdateQueue.hpp">
      <Filter>Header Files\old</Filter>
    </ClInclude>
    <ClInclude Include="old\HlcOldMemoryChunkInfo.hpp">
      <Filter>Header Files\old</Filter>
    </ClInclude>
    <ClInclude Include="old\HlcOldMemoryChunkList.hpp">
      <Filter>Header Files\old</Filter>
    </ClInclude>
    <ClInclude Include="old\HlcOldMemoryManager.hpp">
      <Filter>Header Files\old</Filter>
    </ClInclude>
    <ClInclude Include="old\HlcOldMesh.hpp">
      <Filter>Header Files\old</Filter>
    </ClInclude>
    <ClInclude Include="old\HlcOldModel.hpp">
      <Filter>Header Files\old</Filter>
    </ClInclude>
    <ClInclude Include="vulkan\memory\descriptors\CthDescriptorSetLayout.hpp">
      <Filter>Header Files\vulkan\memory\descriptors</Filter>
    </ClInclude>
    <ClInclude Include="vulkan\memory\descriptors\CthDescriptorSet.hpp">
      <Filter>Header Files\vulkan\memory\descriptors</Filter>
    </ClInclude>
    <ClInclude Include="vulkan\memory\descriptors\CthDescriptorPool.hpp">
      <Filter>Header Files\vulkan\memory\descriptors</Filter>
    </ClInclude>
    <ClInclude Include="vulkan\memory\buffer\CthDefaultBuffer.hpp">
      <Filter>Header Files\vulkan\memory\buffer</Filter>
    </ClInclude>
    <ClInclude Include="vulkan\memory\buffer\CthBuffer.hpp">
      <Filter>Header Files\vulkan\memory\buffer</Filter>
    </ClInclude>
    <ClInclude Include="vulkan\memory\buffer\CthBuffer.inl">
      <Filter>Source Files\vulkan\memory\buffer</Filter>
    </ClInclude>
  </ItemGroup>
  <ItemGroup>
    <None Include="roadmap.md">
      <Filter>Resource Files</Filter>
    </None>
    <None Include="resources\shaders\fragShader.frag">
      <Filter>Resource Files\shaders</Filter>
    </None>
    <None Include="resources\shaders\vertShader.vert">
      <Filter>Resource Files\shaders</Filter>
    </None>
  </ItemGroup>
</Project>