<?xml version="1.0" encoding="utf-8"?>
<Project ToolsVersion="4.0" xmlns="http://schemas.microsoft.com/developer/msbuild/2003">
  <ItemGroup>
    <Filter Include="Source Files">
      <UniqueIdentifier>{4FC737F1-C7A5-4376-A066-2A32D752A2FF}</UniqueIdentifier>
      <Extensions>cpp;c;cc;cxx;c++;cppm;ixx;def;odl;idl;hpj;bat;asm;asmx</Extensions>
    </Filter>
    <Filter Include="Header Files">
      <UniqueIdentifier>{93995380-89BD-4b04-88EB-625FBE52EBFB}</UniqueIdentifier>
      <Extensions>h;hh;hpp;hxx;h++;hm;inl;inc;ipp;xsd</Extensions>
    </Filter>
    <Filter Include="Resource Files">
      <UniqueIdentifier>{67DA6AB6-F800-4c08-8B7A-83BB121AAD01}</UniqueIdentifier>
      <Extensions>rc;ico;cur;bmp;dlg;rc2;rct;bin;rgs;gif;jpg;jpeg;jpe;resx;tiff;tif;png;wav;mfcribbon-ms</Extensions>
    </Filter>
  </ItemGroup>
  <ItemGroup>
    <ClCompile Include="src\pch\lib\volk\volk.cpp">
      <Filter>Source Files</Filter>
    </ClCompile>
    <ClCompile Include="src\pch\pch.cpp">
      <Filter>Source Files</Filter>
    </ClCompile>
    <ClCompile Include="src\utility\device\PhysicalDeviceFeatures.cpp">
      <Filter>Source Files</Filter>
    </ClCompile>
    <ClCompile Include="src\surface\swapchain\Swapchain.cpp">
      <Filter>Source Files</Filter>
    </ClCompile>
    <ClCompile Include="src\surface\CthSurface.cpp">
      <Filter>Source Files</Filter>
    </ClCompile>
    <ClCompile Include="src\resource\buffer\CthBaseBuffer.cpp">
      <Filter>Source Files</Filter>
    </ClCompile>
    <ClCompile Include="src\resource\descriptor\CthDescriptorPool.cpp">
      <Filter>Source Files</Filter>
    </ClCompile>
    <ClCompile Include="src\resource\descriptor\CthDescriptorSet.cpp">
      <Filter>Source Files</Filter>
    </ClCompile>
    <ClCompile Include="src\resource\image\texture\CthSampler.cpp">
      <Filter>Source Files</Filter>
    </ClCompile>
    <ClCompile Include="src\resource\image\texture\CthTexture.cpp">
      <Filter>Source Files</Filter>
    </ClCompile>
    <ClCompile Include="src\resource\image\CthImage.cpp">
      <Filter>Source Files</Filter>
    </ClCompile>
    <ClCompile Include="src\resource\image\CthImageView.cpp">
      <Filter>Source Files</Filter>
    </ClCompile>
    <ClCompile Include="src\resource\memory\CthMemory.cpp">
      <Filter>Source Files</Filter>
    </ClCompile>
    <ClCompile Include="src\resource\CthDestructionQueue.cpp">
      <Filter>Source Files</Filter>
    </ClCompile>
    <ClCompile Include="src\render\cmd\CthCmdBuffer.cpp">
      <Filter>Source Files</Filter>
    </ClCompile>
    <ClCompile Include="src\render\cmd\CthCmdPool.cpp">
      <Filter>Source Files</Filter>
    </ClCompile>
    <ClCompile Include="src\render\ctrl\CthFence.cpp">
      <Filter>Source Files</Filter>
    </ClCompile>
    <ClCompile Include="src\render\ctrl\CthPipelineBarrier.cpp">
      <Filter>Source Files</Filter>
    </ClCompile>
    <ClCompile Include="src\render\ctrl\CthSemaphore.cpp">
      <Filter>Source Files</Filter>
    </ClCompile>
    <ClCompile Include="src\render\ctrl\CthTimelineSemaphore.cpp">
      <Filter>Source Files</Filter>
    </ClCompile>
    <ClCompile Include="src\render\pass\attachment\AttachmentCollection.cpp">
      <Filter>Source Files</Filter>
    </ClCompile>
    <ClCompile Include="src\render\pass\attachment\AttachmentDescription.cpp">
      <Filter>Source Files</Filter>
    </ClCompile>
    <ClCompile Include="src\render\pass\framebuffer\Framebuffer.cpp">
      <Filter>Source Files</Filter>
    </ClCompile>
    <ClCompile Include="src\render\pass\framebuffer\FramebufferCollection.cpp">
      <Filter>Source Files</Filter>
    </ClCompile>
    <ClCompile Include="src\render\pass\framebuffer\FramebufferCollectionConfig.cpp">
      <Filter>Source Files</Filter>
    </ClCompile>
    <ClCompile Include="src\render\pass\framebuffer\ScFramebufferCollection.cpp">
      <Filter>Source Files</Filter>
    </ClCompile>
    <ClCompile Include="src\render\pass\CthRenderPass.cpp">
      <Filter>Source Files</Filter>
    </ClCompile>
    <ClCompile Include="src\render\pass\CthSubpass.cpp">
      <Filter>Source Files</Filter>
    </ClCompile>
    <ClCompile Include="src\render\pipeline\layout\CthDescriptorSetLayout.cpp">
      <Filter>Source Files</Filter>
    </ClCompile>
    <ClCompile Include="src\render\pipeline\layout\CthPipelineLayout.cpp">
      <Filter>Source Files</Filter>
    </ClCompile>
    <ClCompile Include="src\render\pipeline\shader\CthShader.cpp">
      <Filter>Source Files</Filter>
    </ClCompile>
    <ClCompile Include="src\render\pipeline\CthPipeline.cpp">
      <Filter>Source Files</Filter>
    </ClCompile>
    <ClCompile Include="src\debug\CthDebugMessenger.cpp">
      <Filter>Source Files</Filter>
    </ClCompile>
    <ClCompile Include="src\base\queue\CthPresentInfo.cpp">
      <Filter>Source Files</Filter>
    </ClCompile>
    <ClCompile Include="src\base\queue\CthQueue.cpp">
      <Filter>Source Files</Filter>
    </ClCompile>
    <ClCompile Include="src\base\queue\CthSubmitInfo.cpp">
      <Filter>Source Files</Filter>
    </ClCompile>
    <ClCompile Include="src\base\CthCore.cpp">
      <Filter>Source Files</Filter>
    </ClCompile>
    <ClCompile Include="src\base\CthDevice.cpp">
      <Filter>Source Files</Filter>
    </ClCompile>
    <ClCompile Include="src\base\CthInstance.cpp">
      <Filter>Source Files</Filter>
    </ClCompile>
    <ClCompile Include="src\base\CthPhysicalDevice.cpp">
      <Filter>Source Files</Filter>
    </ClCompile>
    <ClCompile Include="src\utility\os.cpp">
      <Filter>Source Files</Filter>
    </ClCompile>
    <ClCompile Include="src\base\jvk.cpp">
      <Filter>Source Files</Filter>
    </ClCompile>
  </ItemGroup>
  <ItemGroup>
    <ClInclude Include="src\pch\glob\cth.hpp">
      <Filter>Header Files</Filter>
    </ClInclude>
    <ClInclude Include="src\pch\glob\glm.hpp">
      <Filter>Header Files</Filter>
    </ClInclude>
    <ClInclude Include="src\pch\glob\std.hpp">
      <Filter>Header Files</Filter>
    </ClInclude>
    <ClInclude Include="src\pch\glob\volk.hpp">
      <Filter>Header Files</Filter>
    </ClInclude>
    <ClInclude Include="src\pch\pch.hpp">
      <Filter>Header Files</Filter>
    </ClInclude>
    <ClInclude Include="incl\vk\base\queue\CthPresentInfo.hpp">
      <Filter>Header Files</Filter>
    </ClInclude>
    <ClInclude Include="incl\vk\base\queue\CthQueue.hpp">
      <Filter>Header Files</Filter>
    </ClInclude>
    <ClInclude Include="incl\vk\base\queue\CthQueueFamily.hpp">
      <Filter>Header Files</Filter>
    </ClInclude>
    <ClInclude Include="incl\vk\base\queue\CthSubmitInfo.hpp">
      <Filter>Header Files</Filter>
    </ClInclude>
    <ClInclude Include="incl\vk\base\CthCore.hpp">
      <Filter>Header Files</Filter>
    </ClInclude>
    <ClInclude Include="incl\vk\base\CthDevice.hpp">
      <Filter>Header Files</Filter>
    </ClInclude>
    <ClInclude Include="incl\vk\base\CthDeviceTable.hpp">
      <Filter>Header Files</Filter>
    </ClInclude>
    <ClInclude Include="incl\vk\base\CthInstance.hpp">
      <Filter>Header Files</Filter>
    </ClInclude>
    <ClInclude Include="incl\vk\base\CthPhysicalDevice.hpp">
      <Filter>Header Files</Filter>
    </ClInclude>
    <ClInclude Include="incl\vk\debug\CthDebugMessenger.hpp">
      <Filter>Header Files</Filter>
    </ClInclude>
    <ClInclude Include="incl\vk\render\cmd\CthCmdBuffer.hpp">
      <Filter>Header Files</Filter>
    </ClInclude>
    <ClInclude Include="incl\vk\render\cmd\CthCmdPool.hpp">
      <Filter>Header Files</Filter>
    </ClInclude>
    <ClInclude Include="incl\vk\render\ctrl\CthFence.hpp">
      <Filter>Header Files</Filter>
    </ClInclude>
    <ClInclude Include="incl\vk\render\ctrl\CthPipelineBarrier.hpp">
      <Filter>Header Files</Filter>
    </ClInclude>
    <ClInclude Include="incl\vk\render\ctrl\CthPipelineWaitStage.hpp">
      <Filter>Header Files</Filter>
    </ClInclude>
    <ClInclude Include="incl\vk\render\ctrl\CthSemaphore.hpp">
      <Filter>Header Files</Filter>
    </ClInclude>
    <ClInclude Include="incl\vk\render\ctrl\CthTimelineSemaphore.hpp">
      <Filter>Header Files</Filter>
    </ClInclude>
    <ClInclude Include="incl\vk\render\pass\attachment\AttachmentCollection.hpp">
      <Filter>Header Files</Filter>
    </ClInclude>
    <ClInclude Include="incl\vk\render\pass\attachment\AttachmentCollectionConfig.hpp">
      <Filter>Header Files</Filter>
    </ClInclude>
    <ClInclude Include="incl\vk\render\pass\attachment\AttachmentDescription.hpp">
      <Filter>Header Files</Filter>
    </ClInclude>
    <ClInclude Include="incl\vk\render\pass\framebuffer\Framebuffer.hpp">
      <Filter>Header Files</Filter>
    </ClInclude>
    <ClInclude Include="incl\vk\render\pass\framebuffer\FramebufferCollection.hpp">
      <Filter>Header Files</Filter>
    </ClInclude>
    <ClInclude Include="incl\vk\render\pass\framebuffer\FramebufferCollectionConfig.hpp">
      <Filter>Header Files</Filter>
    </ClInclude>
    <ClInclude Include="incl\vk\render\pass\framebuffer\ScFramebufferCollection.hpp">
      <Filter>Header Files</Filter>
    </ClInclude>
    <ClInclude Include="incl\vk\render\pass\CthRenderPass.hpp">
      <Filter>Header Files</Filter>
    </ClInclude>
    <ClInclude Include="incl\vk\render\pass\CthSubpass.hpp">
      <Filter>Header Files</Filter>
    </ClInclude>
    <ClInclude Include="incl\vk\render\pass\RenderPassBeginConfig.hpp">
      <Filter>Header Files</Filter>
    </ClInclude>
    <ClInclude Include="incl\vk\render\pass\RenderPassConfig.hpp">
      <Filter>Header Files</Filter>
    </ClInclude>
    <ClInclude Include="incl\vk\render\pipeline\layout\CthDescriptorSetLayout.hpp">
      <Filter>Header Files</Filter>
    </ClInclude>
    <ClInclude Include="incl\vk\render\pipeline\layout\CthPipelineLayout.hpp">
      <Filter>Header Files</Filter>
    </ClInclude>
    <ClInclude Include="incl\vk\render\pipeline\shader\CthShader.hpp">
      <Filter>Header Files</Filter>
    </ClInclude>
    <ClInclude Include="incl\vk\render\pipeline\shader\HlcPushConstant.hpp">
      <Filter>Header Files</Filter>
    </ClInclude>
    <ClInclude Include="incl\vk\render\pipeline\CthPipeline.hpp">
      <Filter>Header Files</Filter>
    </ClInclude>
    <ClInclude Include="incl\vk\resource\buffer\CthBaseBuffer.hpp">
      <Filter>Header Files</Filter>
    </ClInclude>
    <ClInclude Include="incl\vk\resource\buffer\CthBuffer.hpp">
      <Filter>Header Files</Filter>
    </ClInclude>
    <ClInclude Include="incl\vk\resource\descriptor\descriptors\CthBufferDescriptors.hpp">
      <Filter>Header Files</Filter>
    </ClInclude>
    <ClInclude Include="incl\vk\resource\descriptor\descriptors\CthImageDescriptors.hpp">
      <Filter>Header Files</Filter>
    </ClInclude>
    <ClInclude Include="incl\vk\resource\descriptor\CthDescriptor.hpp">
      <Filter>Header Files</Filter>
    </ClInclude>
    <ClInclude Include="incl\vk\resource\descriptor\CthDescriptorPool.hpp">
      <Filter>Header Files</Filter>
    </ClInclude>
    <ClInclude Include="incl\vk\resource\descriptor\CthDescriptorSet.hpp">
      <Filter>Header Files</Filter>
    </ClInclude>
    <ClInclude Include="incl\vk\resource\image\texture\CthSampler.hpp">
      <Filter>Header Files</Filter>
    </ClInclude>
    <ClInclude Include="incl\vk\resource\image\texture\CthTexture.hpp">
      <Filter>Header Files</Filter>
    </ClInclude>
    <ClInclude Include="incl\vk\resource\image\CthImage.hpp">
      <Filter>Header Files</Filter>
    </ClInclude>
    <ClInclude Include="incl\vk\resource\image\CthImageView.hpp">
      <Filter>Header Files</Filter>
    </ClInclude>
    <ClInclude Include="incl\vk\resource\image\ImageConfig.hpp">
      <Filter>Header Files</Filter>
    </ClInclude>
    <ClInclude Include="incl\vk\resource\memory\CthMemory.hpp">
      <Filter>Header Files</Filter>
    </ClInclude>
    <ClInclude Include="incl\vk\resource\CthDestructionQueue.hpp">
      <Filter>Header Files</Filter>
    </ClInclude>
    <ClInclude Include="incl\vk\surface\swapchain\Swapchain.hpp">
      <Filter>Header Files</Filter>
    </ClInclude>
    <ClInclude Include="incl\vk\surface\CthSurface.hpp">
      <Filter>Header Files</Filter>
    </ClInclude>
    <ClInclude Include="incl\vk\surface\SurfaceConfig.hpp">
      <Filter>Header Files</Filter>
    </ClInclude>
    <ClInclude Include="incl\vk\utility\constant\cth_debug_constants.hpp">
      <Filter>Header Files</Filter>
    </ClInclude>
    <ClInclude Include="incl\vk\utility\constant\cth_device_constants.hpp">
      <Filter>Header Files</Filter>
    </ClInclude>
    <ClInclude Include="incl\vk\utility\device\PhysicalDeviceFeatures.hpp">
      <Filter>Header Files</Filter>
    </ClInclude>
    <ClInclude Include="incl\vk\utility\format\cth_vk_format_string.hpp">
      <Filter>Header Files</Filter>
    </ClInclude>
    <ClInclude Include="incl\vk\utility\format\cth_vk_to_string.hpp">
      <Filter>Header Files</Filter>
    </ClInclude>
    <ClInclude Include="incl\vk\utility\cth_constants.hpp">
      <Filter>Header Files</Filter>
    </ClInclude>
    <ClInclude Include="incl\vk\utility\cth_debug_macros.hpp">
      <Filter>Header Files</Filter>
    </ClInclude>
    <ClInclude Include="incl\vk\utility\cth_vk_exceptions.hpp">
      <Filter>Header Files</Filter>
    </ClInclude>
    <ClInclude Include="incl\vk\utility\cth_vk_format.hpp">
      <Filter>Header Files</Filter>
    </ClInclude>
    <ClInclude Include="incl\vk\utility\cth_vk_overloads.hpp">
      <Filter>Header Files</Filter>
    </ClInclude>
    <ClInclude Include="incl\vk\utility\cth_vk_types.hpp">
      <Filter>Header Files</Filter>
    </ClInclude>
    <ClInclude Include="incl\vk\surface\swapchain\SwapchainConfig.hpp">
      <Filter>Header Files</Filter>
    </ClInclude>
    <ClInclude Include="incl\vk\render\pipeline\PipelineVertexDescription.hpp">
      <Filter>Header Files</Filter>
    </ClInclude>
    <ClInclude Include="src\utility\os\incl_windows.hpp">
      <Filter>Header Files</Filter>
    </ClInclude>
    <ClInclude Include="incl\vk\utility\os\windows.hpp">
      <Filter>Header Files</Filter>
    </ClInclude>
    <ClInclude Include="incl\vk\utility\os.hpp">
      <Filter>Header Files</Filter>
    </ClInclude>
    <ClInclude Include="incl\vk\base\jvk.hpp">
      <Filter>Header Files</Filter>
    </ClInclude>
  </ItemGroup>
  <ItemGroup>
    <None Include="incl\vk\resource\buffer\CthBuffer.inl">
      <Filter>Header Files</Filter>
    </None>
    <None Include="incl\vk\utility\format\cth_vk_to_string.inl">
      <Filter>Header Files</Filter>
    </None>
  </ItemGroup>
</Project>