<?xml version="1.0" encoding="utf-8"?>
<Project ToolsVersion="4.0" xmlns="http://schemas.microsoft.com/developer/msbuild/2003">
  <ItemGroup>
    <ClInclude Include="include\cth_engine\cth_engine.hpp" />
    <ClInclude Include="include\cth_engine\cth_interface.hpp" />
    <ClInclude Include="include\cth_engine\cth_vulkan.hpp" />
    <ClInclude Include="include\cth_engine\vulkan\cth_base.hpp" />
    <ClInclude Include="include\cth_engine\vulkan\cth_debug.hpp" />
    <ClInclude Include="include\cth_engine\vulkan\cth_resource.hpp" />
    <ClInclude Include="include\cth_engine\vulkan\cth_render.hpp" />
    <ClInclude Include="include\cth_engine\vulkan\cth_surface.hpp" />
    <ClInclude Include="src\interface\object\HlcRenderObject.hpp" />
    <ClInclude Include="src\interface\object\HlcStandardObject.hpp" />
    <ClInclude Include="src\interface\user\HlcCamera.hpp" />
    <ClInclude Include="src\interface\user\HlcInputController.hpp" />
    <ClInclude Include="src\interface\user\HlcUser.hpp" />
    <ClInclude Include="src\vulkan\render\exec\HlcPushConstant.hpp" />
    <ClInclude Include="src\interface\render\model\HlcModel.hpp" />
    <ClInclude Include="src\interface\render\model\HlcModelManager.hpp" />
    <ClInclude Include="src\CthEngine.hpp" />
    <ClInclude Include="include\cth_engine\interface\cth_model.hpp" />
    <ClInclude Include="include\cth_engine\interface\cth_object.hpp" />
    <ClInclude Include="include\cth_engine\interface\cth_user.hpp" />
    <ClInclude Include="include\cth_engine\vulkan\cth_utility.hpp" />
    <ClInclude Include="src\vulkan\utility\cth_debug_macros.hpp" />
    <ClInclude Include="src\pch\glob\std.hpp" />
    <ClInclude Include="src\pch\pch.hpp" />
    <ClInclude Include="src\pch\glob\glm.hpp" />
    <ClInclude Include="src\pch\glob\glfw.hpp" />
    <ClInclude Include="src\pch\glob\volk.hpp" />
    <ClInclude Include="src\pch\glob\cth.hpp" />
    <ClInclude Include="include\cth_engine\interface\render.hpp" />
    <ClInclude Include="include\cth_engine\utility.hpp" />
    <ClInclude Include="lib\boost\pfr.hpp" />
    <ClInclude Include="lib\gsl.hpp" />
    <ClInclude Include="lib\windows.hpp" />
    <ClInclude Include="lib\glfw.hpp" />
    <ClInclude Include="lib\glm.hpp" />
    <ClInclude Include="lib\volk.hpp" />
  </ItemGroup>
  <ItemGroup>
    <None Include="src\vulkan\res\buffers\cth_vk_res_buffer.inl" />
    <None Include="src\vulkan\utility\format\cth_vk_to_string.inl" />
  </ItemGroup>
  <ItemGroup>
    <ClCompile Include="src\interface\object\HlcStandardObject.cpp" />
    <ClCompile Include="src\interface\user\HlcCamera.cpp" />
    <ClCompile Include="src\interface\user\HlcInputController.cpp" />
    <ClCompile Include="src\vulkan\base\cth_vk_base_device.cpp" />
    <ClCompile Include="src\vulkan\res\buffers\cth_vk_res_buffer_base.cpp" />
    <ClCompile Include="src\vulkan\res\descriptor\cth_vk_res_descriptor_pool.cpp" />
    <ClCompile Include="src\interface\render\model\HlcModel.cpp" />
    <ClCompile Include="src\interface\render\model\HlcModelManager.cpp" />
    <ClCompile Include="engine_main.cpp" />
    <ClCompile Include="src\vulkan\render\exec\cth_vk_render_exec_pipeline-layout.cpp" />
    <ClCompile Include="src\CthEngine.cpp" />
    <ClCompile Include="src\vulkan\resource\image\texture\CthSampler.cpp" />
    <ClCompile Include="src\vulkan\resource\image\texture\CthTexture.cpp" />
    <ClCompile Include="src\vulkan\base\cth_vk_base_physical-device.cpp" />
    <ClCompile Include="src\vulkan\resource\memory\CthMemory.cpp" />
    <ClCompile Include="src\pch\pch.cpp" />
    <ClCompile Include="src\vulkan\utility\device\cth_vk_physical_device_features.cpp" />
    <ClCompile Include="src\vulkan\render\rec\AttachmentCollection.cpp" />
    <ClCompile Include="src\vulkan\base\submit\cth_vk_base_submit_info.cpp" />
    <ClCompile Include="src\vulkan\base\submit\cth_vk_base_submit_present-info.cpp" />
    <ClCompile Include="src\pch\lib\volk\volk.cpp" />
    <ClCompile Include="src\interface\render\cth_vk_renderer.cpp" />
    <ClCompile Include="src\interface\render\cth_interface_render_stage.cpp" />
    <ClCompile Include="src\interface\render\model\cth_vk_vertex.ixx" />
    <ClCompile Include="src\interface\render\cth_vk_dag.ixx" />
    <ClCompile Include="src\interface\render\cth_vk_renderer.ixx" />
    <ClCompile Include="src\vulkan\utility\constant\cth_vk_constants_device.ixx" />
    <ClCompile Include="src\vulkan\utility\constant\cth_vk_constants_debug.ixx" />
    <ClCompile Include="src\vulkan\utility\cth_vk_constants.ixx" />
    <ClCompile Include="src\vulkan\utility\format\cth_vk_fmt_cxpr_string.ixx" />
    <ClCompile Include="src\vulkan\utility\format\cth_vk_fmt_to_string.ixx" />
    <ClCompile Include="src\vulkan\utility\cth_vk_fmt.ixx" />
    <ClCompile Include="src\vulkan\utility\cth_vk_exception.ixx" />
    <ClCompile Include="src\vulkan\utility\device\cth_vk_physical_device_features.ixx" />
    <ClCompile Include="src\vulkan\utility\cth_vk_util_types.ixx" />
    <ClCompile Include="src\vulkan\utility\cth_vk_util_overloads.ixx" />
    <ClCompile Include="src\vulkan\present\cth_vk_present_os-window.ixx" />
    <ClCompile Include="src\vulkan\render\sync\cth_vk_render_sync_pipeline-barrier.ixx" />
    <ClCompile Include="src\vulkan\render\sync\cth_vk_render_sync_pipeline-wait-stage.ixx" />
    <ClCompile Include="src\vulkan\render\sync\cth_vk_render_sync_semaphore.ixx" />
    <ClCompile Include="src\vulkan\render\sync\cth_vk_render_sync_timeline-semaphore.ixx" />
    <ClCompile Include="src\vulkan\render\sync\cth_vk_render_sync_fence.ixx" />
    <ClCompile Include="src\vulkan\render\exec\cth_vk_render_exec_pipeline.ixx" />
    <ClCompile Include="src\vulkan\render\exec\cth_vk_render_exec_shader.ixx" />
    <ClCompile Include="src\vulkan\render\exec\cth_vk_render_exec_pipeline-layout.ixx" />
    <ClCompile Include="src\interface\render\cth_interface_render_pulse.ixx" />
    <ClCompile Include="src\interface\render\cth_interface_render_stage.ixx" />
    <ClCompile Include="src\interface\render\cth_interface_render_stage-config.ixx" />
    <ClCompile Include="src\vulkan\render\rec\cth_vk_render_rec_attachment-collection.ixx" />
    <ClCompile Include="src\vulkan\render\rec\cth_vk_render_rec_pass.ixx" />
    <ClCompile Include="src\vulkan\render\rec\cth_vk_render_rec_subpass.ixx" />
    <ClCompile Include="src\vulkan\render\rec\cmd\cth_vk_render_rec_cmd_buffer.ixx" />
    <ClCompile Include="src\vulkan\render\rec\cmd\cth_vk_render_rec_cmd_pool.ixx" />
    <ClCompile Include="src\vulkan\res\cth_vk_res_destruction-queue.ixx" />
    <ClCompile Include="src\vulkan\base\submit\cth_vk_base_submit_present-info.ixx" />
    <ClCompile Include="src\vulkan\base\submit\cth_vk_base_submit_info.ixx" />
    <ClCompile Include="src\vulkan\base\cth_vk_base_queue.ixx" />
    <ClCompile Include="src\vulkan\base\cth_vk_base_queue-family.ixx" />
    <ClCompile Include="src\vulkan\debug\cth_vk_debug_messenger.ixx" />
    <ClCompile Include="src\vulkan\base\cth_vk_base_instance.ixx" />
    <ClCompile Include="src\vulkan\base\cth_vk_base_device-table.ixx" />
    <ClCompile Include="src\vulkan\base\cth_vk_base_physical-device.ixx" />
    <ClCompile Include="src\vulkan\base\cth_vk_base_device.ixx" />
    <ClCompile Include="src\vulkan\base\cth_vk_base_core.ixx" />
    <ClCompile Include="src\vulkan\res\descriptors\cth_vk_res_descriptors_base.ixx" />
    <ClCompile Include="src\vulkan\res\descriptors\cth_vk_res_descriptors_image.ixx" />
    <ClCompile Include="src\vulkan\res\descriptors\cth_vk_res_descriptors_buffer.ixx" />
    <ClCompile Include="src\vulkan\res\descriptor\cth_vk_res_descriptor_pool.ixx" />
    <ClCompile Include="src\vulkan\res\descriptor\cth_vk_res_descriptor_set.ixx" />
    <ClCompile Include="src\vulkan\res\buffers\cth_vk_res_buffer_base.ixx" />
    <ClCompile Include="src\vulkan\res\buffers\cth_vk_res_buffer.ixx" />
    <ClCompile Include="src\vulkan\res\img\texture\cth_vk_res_img_texture_sampler.ixx" />
    <ClCompile Include="src\vulkan\res\img\texture\cth_vk_res_img_texture.ixx" />
    <ClCompile Include="src\vulkan\res\img\cth_vk_res_img_image.ixx" />
    <ClCompile Include="src\vulkan\res\img\cth_vk_res_img_view.ixx" />
    <ClCompile Include="src\vulkan\res\img\cth_vk_res_img_framebuffer.ixx" />
    <ClCompile Include="src\vulkan\res\cth_vk_res_memory.ixx" />
    <ClCompile Include="src\vulkan\present\cth_vk_present_surface.ixx" />
    <ClCompile Include="src\vulkan\present\cth_vk_present_basic-swapchain.ixx" />
    <ClCompile Include="src\vulkan\present\cth_vk_present_core.ixx" />
    <ClCompile Include="src\vulkan\present\sync\cth_vk_present_sync_config.ixx" />
    <ClCompile Include="src\vulkan\res\descriptor\cth_vk_res_desciptor_set-layout.ixx" />
    <ClCompile Include="src\vulkan\base\cth_vk_base_core.cpp" />
    <ClCompile Include="src\vulkan\base\cth_vk_base_instance.cpp" />
    <ClCompile Include="src\vulkan\base\cth_vk_base_queue.cpp" />
    <ClCompile Include="src\vulkan\debug\cth_vk_debug_messenger.cpp" />
    <ClCompile Include="src\vulkan\present\cth_vk_present_os-window.cpp" />
    <ClCompile Include="src\vulkan\present\sync\cth_vk_present_sync_config.cpp" />
    <ClCompile Include="src\vulkan\present\cth_vk_present_core.cpp" />
    <ClCompile Include="src\vulkan\present\cth_vk_present_basic-swapchain.cpp" />
    <ClCompile Include="src\vulkan\present\cth_vk_present_surface.cpp" />
    <ClCompile Include="src\vulkan\render\sync\cth_vk_render_sync_fence.cpp" />
    <ClCompile Include="src\vulkan\render\sync\cth_vk_render_sync_semaphore.cpp" />
    <ClCompile Include="src\vulkan\render\sync\cth_vk_render_sync_pipeline-barrier.cpp" />
    <ClCompile Include="src\vulkan\res\descriptor\cth_vk_res_desciptor_set-layout.cpp" />
    <ClCompile Include="src\vulkan\render\exec\cth_vk_render_exec_shader.cpp" />
    <ClCompile Include="src\vulkan\render\exec\cth_vk_render_exec_pipeline.cpp" />
    <ClCompile Include="src\vulkan\render\sync\cth_vk_render_sync_timeline-semaphore.cpp" />
    <ClCompile Include="src\vulkan\render\rec\cth_vk_render_rec_pass.cpp" />
    <ClCompile Include="src\vulkan\render\rec\cth_vk_render_rec_subpass.cpp" />
    <ClCompile Include="src\vulkan\res\cth_vk_res_destruction-queue.cpp" />
    <ClCompile Include="src\vulkan\res\img\cth_vk_res_img_framebuffer.cpp" />
    <ClCompile Include="src\vulkan\res\descriptor\cth_vk_res_descriptor_set.cpp" />
    <ClCompile Include="src\vulkan\res\img\cth_vk_res_img_image.cpp" />
    <ClCompile Include="src\vulkan\render\sync\barrier\cth_vk_render_sync_barrier_base.ixx" />
  </ItemGroup>
</Project>