<?xml version="1.0" encoding="utf-8"?>
<Project ToolsVersion="4.0" xmlns="http://schemas.microsoft.com/developer/msbuild/2003">
  <ItemGroup>
    <ClInclude Include="src\object\HlcRenderObject.hpp" />
    <ClInclude Include="src\object\HlcStandardObject.hpp" />
    <ClInclude Include="src\user\HlcCamera.hpp" />
    <ClInclude Include="src\user\HlcInputController.hpp" />
    <ClInclude Include="src\user\HlcUser.hpp" />
    <ClInclude Include="src\render\model\HlcModel.hpp" />
    <ClInclude Include="src\render\model\HlcModelManager.hpp" />
    <ClInclude Include="lib\boost\pfr.hpp" />
    <ClInclude Include="lib\gsl.hpp" />
    <ClInclude Include="lib\windows.hpp" />
    <ClInclude Include="lib\glfw.hpp" />
    <ClInclude Include="lib\glm.hpp" />
    <ClInclude Include="lib\volk.hpp" />
    <ClInclude Include="lib\rangev3.hpp" />
    <ClInclude Include="lib\pch\pch.hpp" />
  </ItemGroup>
  <ItemGroup>
    <ClCompile Include="src\object\HlcStandardObject.cpp" />
    <ClCompile Include="src\user\HlcCamera.cpp" />
    <ClCompile Include="src\user\HlcInputController.cpp" />
    <ClCompile Include="src\render\model\HlcModel.cpp" />
    <ClCompile Include="src\render\model\HlcModelManager.cpp" />
    <ClCompile Include="engine_main.cpp" />
    <ClCompile Include="lib\pch\pch.cpp" />
    <ClCompile Include="src\render\cth_engine_renderer.cpp" />
    <ClCompile Include="src\render\cth_engine_render_stage.cpp" />
    <ClCompile Include="src\render\model\cth_vk_vertex.ixx" />
    <ClCompile Include="src\render\cth_engine_render_dag.ixx" />
    <ClCompile Include="src\render\cth_engine_renderer.ixx" />
    <ClCompile Include="src\render\cth_engine_render_stage.ixx" />
    <ClCompile Include="src\render\cth_engine_render_stage-config.ixx" />
    <ClCompile Include="include\cth_engine_render.ixx" />
    <ClCompile Include="include\cth_engine.ixx" />
    <ClCompile Include="src\cth_engine_control.ixx" />
  </ItemGroup>
</Project>