<?xml version="1.0" encoding="utf-8"?>
<Project ToolsVersion="4.0" xmlns="http://schemas.microsoft.com/developer/msbuild/2003">
  <ItemGroup>
    <ClInclude Include="cth_engine.hpp" />
    <ClInclude Include="include\cth_interface.hpp" />
    <ClInclude Include="include\cth_vulkan.hpp" />
    <ClInclude Include="include\vulkan\cth_base.hpp" />
    <ClInclude Include="include\vulkan\cth_debug.hpp" />
    <ClInclude Include="include\vulkan\cth_resource.hpp" />
    <ClInclude Include="include\vulkan\cth_render.hpp" />
    <ClInclude Include="include\vulkan\cth_surface.hpp" />
    <ClInclude Include="src\interface\object\HlcRenderObject.hpp" />
    <ClInclude Include="src\interface\object\HlcStandardObject.hpp" />
    <ClInclude Include="src\interface\user\HlcCamera.hpp" />
    <ClInclude Include="src\interface\user\HlcInputController.hpp" />
    <ClInclude Include="src\interface\user\HlcUser.hpp" />
    <ClInclude Include="src\vulkan\base\CthDevice.hpp" />
    <ClInclude Include="src\vulkan\base\CthInstance.hpp" />
    <ClInclude Include="src\vulkan\debug\CthDebugMessenger.hpp" />
    <ClInclude Include="src\vulkan\resource\buffer\CthBuffer.hpp" />
    <ClInclude Include="src\vulkan\resource\buffer\CthBaseBuffer.hpp" />
    <ClInclude Include="src\vulkan\resource\descriptor\CthDescriptor.hpp" />
    <ClInclude Include="src\vulkan\resource\descriptor\CthDescriptorPool.hpp" />
    <ClInclude Include="src\vulkan\resource\descriptor\CthDescriptorSet.hpp" />
    <ClInclude Include="src\vulkan\render\pipeline\layout\CthDescriptorSetLayout.hpp" />
    <ClInclude Include="src\vulkan\render\pipeline\shader\CthShader.hpp" />
    <ClInclude Include="src\vulkan\render\pipeline\shader\HlcPushConstant.hpp" />
    <ClInclude Include="src\vulkan\render\pipeline\CthPipeline.hpp" />
    <ClInclude Include="src\interface\render\model\HlcModel.hpp" />
    <ClInclude Include="src\interface\render\model\HlcModelManager.hpp" />
    <ClInclude Include="src\interface\render\model\CthVertex.hpp" />
    <ClInclude Include="src\vulkan\render\pass\cth_render_pass_utils.hpp" />
    <ClInclude Include="src\interface\render\CthRenderer.hpp" />
    <ClInclude Include="src\vulkan\surface\swapchain\CthBasicSwapchain.hpp" />
    <ClInclude Include="src\vulkan\surface\CthOSWindow.hpp" />
    <ClInclude Include="src\vulkan\utility\cth_vk_utils.hpp" />
    <ClInclude Include="src\vulkan\render\pipeline\layout\CthPipelineLayout.hpp" />
    <ClInclude Include="src\CthEngine.hpp" />
    <ClInclude Include="src\vulkan\resource\image\CthImage.hpp" />
    <ClInclude Include="src\vulkan\resource\image\texture\CthSampler.hpp" />
    <ClInclude Include="src\vulkan\resource\image\CthImageView.hpp" />
    <ClInclude Include="src\vulkan\resource\descriptor\descriptors\CthImageDescriptors.hpp" />
    <ClInclude Include="src\vulkan\resource\descriptor\descriptors\CthBufferDescriptors.hpp" />
    <ClInclude Include="src\vulkan\resource\image\texture\CthTexture.hpp" />
    <ClInclude Include="src\vulkan\surface\CthSurface.hpp" />
    <ClInclude Include="include\interface\cth_model.hpp" />
    <ClInclude Include="include\interface\cth_object.hpp" />
    <ClInclude Include="include\interface\cth_user.hpp" />
    <ClInclude Include="src\vulkan\base\CthPhysicalDevice.hpp" />
    <ClInclude Include="src\vulkan\render\control\CthPipelineBarrier.hpp" />
    <ClInclude Include="src\vulkan\render\cmd\CthCmdPool.hpp" />
    <ClInclude Include="src\vulkan\render\cmd\CthCmdBuffer.hpp" />
    <ClInclude Include="src\vulkan\resource\CthDestructionQueue.hpp" />
    <ClInclude Include="src\vulkan\resource\memory\CthMemory.hpp" />
    <ClInclude Include="src\vulkan\base\CthQueue.hpp" />
    <ClInclude Include="src\vulkan\utility\cth_constants.hpp" />
    <ClInclude Include="include\vulkan\cth_utility.hpp" />
    <ClInclude Include="src\vulkan\render\control\CthSemaphore.hpp" />
    <ClInclude Include="src\vulkan\base\CthCore.hpp" />
    <ClInclude Include="src\vulkan\render\control\CthFence.hpp" />
    <ClInclude Include="src\vulkan\base\CthQueueFamily.hpp" />
    <ClInclude Include="src\vulkan\surface\graphics_core\CthGraphicsCore.hpp" />
    <ClInclude Include="src\vulkan\render\control\CthTimelineSemaphore.hpp" />
    <ClInclude Include="src\vulkan\render\control\CthWaitStage.hpp" />
    <ClInclude Include="src\vulkan\render\pass\CthRenderPass.hpp" />
    <ClInclude Include="src\vulkan\surface\graphics_core\CthGraphicsSyncConfig.hpp" />
    <ClInclude Include="src\vulkan\utility\cth_debug_macros.hpp" />
    <ClInclude Include="src\pch\group\std_pch.hpp" />
    <ClInclude Include="src\pch\pch.hpp" />
    <ClInclude Include="src\pch\util\macro.hpp" />
    <ClInclude Include="src\pch\util\definition.hpp" />
    <ClInclude Include="src\vulkan\utility\constant\cth_device_constants.hpp" />
    <ClInclude Include="src\vulkan\utility\constant\cth_debug_constants.hpp" />
    <ClInclude Include="src\vulkan\utility\device\PhysicalDeviceFeatures.hpp" />
    <ClInclude Include="src\vulkan\utility\utility\cth_vk_format.hpp" />
    <ClInclude Include="src\interface\render\CthRenderCycle.hpp" />
    <ClInclude Include="src\vulkan\resource\image\Framebuffer.hpp" />
    <ClInclude Include="src\vulkan\render\pass\CthSubpass.hpp" />
    <ClInclude Include="src\vulkan\render\pass\CthAttachmentCollection.hpp" />
    <ClInclude Include="src\vulkan\utility\utility\cth_vk_types.hpp" />
    <ClInclude Include="src\vulkan\utility\utility\cth_vk_exceptions.hpp" />
  </ItemGroup>
  <ItemGroup>
    <None Include="doc\roadmap.md" />
    <None Include="doc\scene.md" />
    <None Include="doc\tinygltf.md" />
    <None Include="src\vulkan\resource\buffer\CthBuffer.inl" />
    <None Include="src\interface\render\CthRenderer.inl" />
  </ItemGroup>
  <ItemGroup>
    <ClCompile Include="src\interface\object\HlcStandardObject.cpp" />
    <ClCompile Include="src\interface\user\HlcCamera.cpp" />
    <ClCompile Include="src\interface\user\HlcInputController.cpp" />
    <ClCompile Include="src\vulkan\base\CthDevice.cpp" />
    <ClCompile Include="src\vulkan\base\CthInstance.cpp" />
    <ClCompile Include="src\vulkan\debug\CthDebugMessenger.cpp" />
    <ClCompile Include="src\vulkan\resource\buffer\CthBaseBuffer.cpp" />
    <ClCompile Include="src\vulkan\resource\descriptor\CthDescriptorPool.cpp" />
    <ClCompile Include="src\vulkan\resource\descriptor\CthDescriptorSet.cpp" />
    <ClCompile Include="src\vulkan\render\pipeline\layout\CthDescriptorSetLayout.cpp" />
    <ClCompile Include="src\vulkan\render\pipeline\shader\CthShader.cpp" />
    <ClCompile Include="src\vulkan\render\pipeline\CthPipeline.cpp" />
    <ClCompile Include="src\interface\render\model\HlcModel.cpp" />
    <ClCompile Include="src\interface\render\model\HlcModelManager.cpp" />
    <ClCompile Include="src\interface\render\CthRenderer.cpp" />
    <ClCompile Include="src\vulkan\surface\swapchain\CthBasicSwapchain.cpp" />
    <ClCompile Include="src\vulkan\surface\CthOSWindow.cpp" />
    <ClCompile Include="engine_main.cpp" />
    <ClCompile Include="src\vulkan\render\pipeline\layout\CthPipelineLayout.cpp" />
    <ClCompile Include="src\CthEngine.cpp" />
    <ClCompile Include="src\vulkan\resource\image\CthImage.cpp" />
    <ClCompile Include="src\vulkan\resource\image\texture\CthSampler.cpp" />
    <ClCompile Include="src\vulkan\resource\image\CthImageView.cpp" />
    <ClCompile Include="src\vulkan\resource\image\texture\CthTexture.cpp" />
    <ClCompile Include="src\vulkan\base\CthPhysicalDevice.cpp" />
    <ClCompile Include="src\vulkan\render\control\CthPipelineBarrier.cpp" />
    <ClCompile Include="src\vulkan\render\cmd\CthCmdPool.cpp" />
    <ClCompile Include="src\vulkan\render\cmd\CthCmdBuffer.cpp" />
    <ClCompile Include="src\vulkan\resource\memory\CthMemory.cpp" />
    <ClCompile Include="src\vulkan\resource\CthDestructionQueue.cpp" />
    <ClCompile Include="src\vulkan\base\CthQueue.cpp" />
    <ClCompile Include="src\vulkan\render\control\CthSemaphore.cpp" />
    <ClCompile Include="src\vulkan\render\control\CthFence.cpp" />
    <ClCompile Include="src\vulkan\base\CthCore.cpp" />
    <ClCompile Include="src\vulkan\surface\CthSurface.cpp" />
    <ClCompile Include="src\vulkan\surface\graphics_core\CthGraphicsCore.cpp" />
    <ClCompile Include="src\vulkan\render\control\CthTimelineSemaphore.cpp" />
    <ClCompile Include="src\vulkan\render\control\CthPipelineWaitStage.cpp" />
    <ClCompile Include="src\vulkan\render\pass\CthRenderPass.cpp" />
    <ClCompile Include="src\vulkan\surface\graphics_core\CthGraphicsSyncConfig.cpp" />
    <ClCompile Include="src\pch\util\pch.cpp" />
    <ClCompile Include="src\vulkan\utility\device\PhysicalDeviceFeatures.cpp" />
    <ClCompile Include="src\vulkan\resource\image\Framebuffer.cpp" />
    <ClCompile Include="src\vulkan\render\pass\CthSubpass.cpp" />
    <ClCompile Include="src\vulkan\render\pass\AttachmentCollection.cpp" />
  </ItemGroup>
</Project>