<?xml version="1.0" encoding="utf-8"?>
<Project ToolsVersion="4.0" xmlns="http://schemas.microsoft.com/developer/msbuild/2003">
  <ItemGroup>
    <Filter Include="Source Files">
      <UniqueIdentifier>{4FC737F1-C7A5-4376-A066-2A32D752A2FF}</UniqueIdentifier>
      <Extensions>cpp;c;cc;cxx;c++;cppm;ixx;def;odl;idl;hpj;bat;asm;asmx</Extensions>
    </Filter>
    <Filter Include="Header Files">
      <UniqueIdentifier>{93995380-89BD-4b04-88EB-625FBE52EBFB}</UniqueIdentifier>
      <Extensions>h;hh;hpp;hxx;h++;hm;inl;inc;ipp;xsd</Extensions>
    </Filter>
    <Filter Include="Resource Files">
      <UniqueIdentifier>{67DA6AB6-F800-4c08-8B7A-83BB121AAD01}</UniqueIdentifier>
      <Extensions>rc;ico;cur;bmp;dlg;rc2;rct;bin;rgs;gif;jpg;jpeg;jpe;resx;tiff;tif;png;wav;mfcribbon-ms</Extensions>
    </Filter>
  </ItemGroup>
  <ItemGroup>
    <ClInclude Include="lib\boost\pfr.hpp">
      <Filter>Header Files</Filter>
    </ClInclude>
    <ClInclude Include="lib\pch\pch.hpp">
      <Filter>Header Files</Filter>
    </ClInclude>
    <ClInclude Include="lib\glfw.hpp">
      <Filter>Header Files</Filter>
    </ClInclude>
    <ClInclude Include="lib\glm.hpp">
      <Filter>Header Files</Filter>
    </ClInclude>
    <ClInclude Include="lib\gsl.hpp">
      <Filter>Header Files</Filter>
    </ClInclude>
    <ClInclude Include="lib\rangev3.hpp">
      <Filter>Header Files</Filter>
    </ClInclude>
    <ClInclude Include="lib\volk.hpp">
      <Filter>Header Files</Filter>
    </ClInclude>
    <ClInclude Include="lib\windows.hpp">
      <Filter>Header Files</Filter>
    </ClInclude>
    <ClInclude Include="src\render\exec\HlcPushConstant.hpp">
      <Filter>Header Files</Filter>
    </ClInclude>
    <ClInclude Include="src\util\cth_debug_macros.hpp">
      <Filter>Header Files</Filter>
    </ClInclude>
    <ClInclude Include="lib\cth.hpp">
      <Filter>Header Files</Filter>
    </ClInclude>
  </ItemGroup>
  <ItemGroup>
    <ClCompile Include="lib\pch\pch.cpp">
      <Filter>Source Files</Filter>
    </ClCompile>
    <ClCompile Include="src\base\cth_vk_base_core.cpp">
      <Filter>Source Files</Filter>
    </ClCompile>
    <ClCompile Include="src\base\cth_vk_base_core.ixx">
      <Filter>Source Files</Filter>
    </ClCompile>
    <ClCompile Include="src\base\cth_vk_base_device.cpp">
      <Filter>Source Files</Filter>
    </ClCompile>
    <ClCompile Include="src\base\cth_vk_base_device.ixx">
      <Filter>Source Files</Filter>
    </ClCompile>
    <ClCompile Include="src\base\cth_vk_base_device-table.ixx">
      <Filter>Source Files</Filter>
    </ClCompile>
    <ClCompile Include="src\base\cth_vk_base_instance.cpp">
      <Filter>Source Files</Filter>
    </ClCompile>
    <ClCompile Include="src\base\cth_vk_base_instance.ixx">
      <Filter>Source Files</Filter>
    </ClCompile>
    <ClCompile Include="src\base\cth_vk_base_physical-device.cpp">
      <Filter>Source Files</Filter>
    </ClCompile>
    <ClCompile Include="src\base\cth_vk_base_physical-device.ixx">
      <Filter>Source Files</Filter>
    </ClCompile>
    <ClCompile Include="src\debug\cth_vk_debug_messenger.cpp">
      <Filter>Source Files</Filter>
    </ClCompile>
    <ClCompile Include="src\debug\cth_vk_debug_messenger.ixx">
      <Filter>Source Files</Filter>
    </ClCompile>
    <ClCompile Include="src\init\cth_vk_contol.cpp">
      <Filter>Source Files</Filter>
    </ClCompile>
    <ClCompile Include="src\init\cth_vk_control.ixx">
      <Filter>Source Files</Filter>
    </ClCompile>
    <ClCompile Include="src\present\sync\cth_vk_present_sync_config.cpp">
      <Filter>Source Files</Filter>
    </ClCompile>
    <ClCompile Include="src\present\sync\cth_vk_present_sync_config.ixx">
      <Filter>Source Files</Filter>
    </ClCompile>
    <ClCompile Include="src\present\cth_vk_present_basic-swapchain.cpp">
      <Filter>Source Files</Filter>
    </ClCompile>
    <ClCompile Include="src\present\cth_vk_present_basic-swapchain.ixx">
      <Filter>Source Files</Filter>
    </ClCompile>
    <ClCompile Include="src\present\cth_vk_present_core.cpp">
      <Filter>Source Files</Filter>
    </ClCompile>
    <ClCompile Include="src\present\cth_vk_present_core.ixx">
      <Filter>Source Files</Filter>
    </ClCompile>
    <ClCompile Include="src\present\cth_vk_present_os-window.cpp">
      <Filter>Source Files</Filter>
    </ClCompile>
    <ClCompile Include="src\present\cth_vk_present_os-window.ixx">
      <Filter>Source Files</Filter>
    </ClCompile>
    <ClCompile Include="src\present\cth_vk_present_surface.cpp">
      <Filter>Source Files</Filter>
    </ClCompile>
    <ClCompile Include="src\present\cth_vk_present_surface.ixx">
      <Filter>Source Files</Filter>
    </ClCompile>
    <ClCompile Include="src\render\exec\cth_vk_render_exec_pipeline.cpp">
      <Filter>Source Files</Filter>
    </ClCompile>
    <ClCompile Include="src\render\exec\cth_vk_render_exec_pipeline.ixx">
      <Filter>Source Files</Filter>
    </ClCompile>
    <ClCompile Include="src\render\exec\cth_vk_render_exec_pipeline-layout.cpp">
      <Filter>Source Files</Filter>
    </ClCompile>
    <ClCompile Include="src\render\exec\cth_vk_render_exec_pipeline-layout.ixx">
      <Filter>Source Files</Filter>
    </ClCompile>
    <ClCompile Include="src\render\exec\cth_vk_render_exec_shader.cpp">
      <Filter>Source Files</Filter>
    </ClCompile>
    <ClCompile Include="src\render\exec\cth_vk_render_exec_shader.ixx">
      <Filter>Source Files</Filter>
    </ClCompile>
    <ClCompile Include="src\render\rec\cmd\cth_vk_render_rec_cmd_buffer_base.ixx">
      <Filter>Source Files</Filter>
    </ClCompile>
    <ClCompile Include="src\render\rec\cmd\cth_vk_render_rec_cmd_buffer_primary.ixx">
      <Filter>Source Files</Filter>
    </ClCompile>
    <ClCompile Include="src\render\rec\cmd\cth_vk_render_rec_cmd_buffer_secondary.ixx">
      <Filter>Source Files</Filter>
    </ClCompile>
    <ClCompile Include="src\render\rec\cmd\cth_vk_render_rec_cmd_pool.cpp">
      <Filter>Source Files</Filter>
    </ClCompile>
    <ClCompile Include="src\render\rec\cmd\cth_vk_render_rec_cmd_pool.ixx">
      <Filter>Source Files</Filter>
    </ClCompile>
    <ClCompile Include="src\render\rec\cth_vk_render_rec_attachment-collection.cpp">
      <Filter>Source Files</Filter>
    </ClCompile>
    <ClCompile Include="src\render\rec\cth_vk_render_rec_attachment-collection.ixx">
      <Filter>Source Files</Filter>
    </ClCompile>
    <ClCompile Include="src\render\rec\cth_vk_render_rec_pass.cpp">
      <Filter>Source Files</Filter>
    </ClCompile>
    <ClCompile Include="src\render\rec\cth_vk_render_rec_pass.ixx">
      <Filter>Source Files</Filter>
    </ClCompile>
    <ClCompile Include="src\render\rec\cth_vk_render_rec_subpass.cpp">
      <Filter>Source Files</Filter>
    </ClCompile>
    <ClCompile Include="src\render\rec\cth_vk_render_rec_subpass.ixx">
      <Filter>Source Files</Filter>
    </ClCompile>
    <ClCompile Include="src\render\sync\barrier\cth_vk_render_sync_barrier_base.ixx">
      <Filter>Source Files</Filter>
    </ClCompile>
    <ClCompile Include="src\render\sync\cth_vk_render_pulse.ixx">
      <Filter>Source Files</Filter>
    </ClCompile>
    <ClCompile Include="src\render\sync\cth_vk_render_sync_fence.cpp">
      <Filter>Source Files</Filter>
    </ClCompile>
    <ClCompile Include="src\render\sync\cth_vk_render_sync_fence.ixx">
      <Filter>Source Files</Filter>
    </ClCompile>
    <ClCompile Include="src\render\sync\cth_vk_render_sync_pipeline-barrier.cpp">
      <Filter>Source Files</Filter>
    </ClCompile>
    <ClCompile Include="src\render\sync\cth_vk_render_sync_pipeline-barrier.ixx">
      <Filter>Source Files</Filter>
    </ClCompile>
    <ClCompile Include="src\render\sync\cth_vk_render_sync_pipeline-wait-stage.ixx">
      <Filter>Source Files</Filter>
    </ClCompile>
    <ClCompile Include="src\render\sync\cth_vk_render_sync_semaphore.cpp">
      <Filter>Source Files</Filter>
    </ClCompile>
    <ClCompile Include="src\render\sync\cth_vk_render_sync_semaphore.ixx">
      <Filter>Source Files</Filter>
    </ClCompile>
    <ClCompile Include="src\render\sync\cth_vk_render_sync_timeline-semaphore.cpp">
      <Filter>Source Files</Filter>
    </ClCompile>
    <ClCompile Include="src\render\sync\cth_vk_render_sync_timeline-semaphore.ixx">
      <Filter>Source Files</Filter>
    </ClCompile>
    <ClCompile Include="src\res\buffers\cth_vk_res_buffer.ixx">
      <Filter>Source Files</Filter>
    </ClCompile>
    <ClCompile Include="src\res\buffers\cth_vk_res_buffer_base.cpp">
      <Filter>Source Files</Filter>
    </ClCompile>
    <ClCompile Include="src\res\buffers\cth_vk_res_buffer_base.ixx">
      <Filter>Source Files</Filter>
    </ClCompile>
    <ClCompile Include="src\res\descriptor\cth_vk_res_desciptor_set-layout.cpp">
      <Filter>Source Files</Filter>
    </ClCompile>
    <ClCompile Include="src\res\descriptor\cth_vk_res_desciptor_set-layout.ixx">
      <Filter>Source Files</Filter>
    </ClCompile>
    <ClCompile Include="src\res\descriptor\cth_vk_res_descriptor_pool.cpp">
      <Filter>Source Files</Filter>
    </ClCompile>
    <ClCompile Include="src\res\descriptor\cth_vk_res_descriptor_pool.ixx">
      <Filter>Source Files</Filter>
    </ClCompile>
    <ClCompile Include="src\res\descriptor\cth_vk_res_descriptor_set.cpp">
      <Filter>Source Files</Filter>
    </ClCompile>
    <ClCompile Include="src\res\descriptor\cth_vk_res_descriptor_set.ixx">
      <Filter>Source Files</Filter>
    </ClCompile>
    <ClCompile Include="src\res\descriptors\cth_vk_res_descriptors_base.ixx">
      <Filter>Source Files</Filter>
    </ClCompile>
    <ClCompile Include="src\res\descriptors\cth_vk_res_descriptors_buffer.ixx">
      <Filter>Source Files</Filter>
    </ClCompile>
    <ClCompile Include="src\res\descriptors\cth_vk_res_descriptors_image.ixx">
      <Filter>Source Files</Filter>
    </ClCompile>
    <ClCompile Include="src\res\img\texture\cth_vk_res_img_texture.cpp">
      <Filter>Source Files</Filter>
    </ClCompile>
    <ClCompile Include="src\res\img\texture\cth_vk_res_img_texture.ixx">
      <Filter>Source Files</Filter>
    </ClCompile>
    <ClCompile Include="src\res\img\texture\cth_vk_res_img_texture_sampler.ixx">
      <Filter>Source Files</Filter>
    </ClCompile>
    <ClCompile Include="src\res\img\texture\cth_vk_res-img_texture_sampler.cpp">
      <Filter>Source Files</Filter>
    </ClCompile>
    <ClCompile Include="src\res\img\cth_vk_res_img_framebuffer.cpp">
      <Filter>Source Files</Filter>
    </ClCompile>
    <ClCompile Include="src\res\img\cth_vk_res_img_framebuffer.ixx">
      <Filter>Source Files</Filter>
    </ClCompile>
    <ClCompile Include="src\res\img\cth_vk_res_img_image.cpp">
      <Filter>Source Files</Filter>
    </ClCompile>
    <ClCompile Include="src\res\img\cth_vk_res_img_image.ixx">
      <Filter>Source Files</Filter>
    </ClCompile>
    <ClCompile Include="src\res\img\cth_vk_res_img_view.cpp">
      <Filter>Source Files</Filter>
    </ClCompile>
    <ClCompile Include="src\res\img\cth_vk_res_img_view.ixx">
      <Filter>Source Files</Filter>
    </ClCompile>
    <ClCompile Include="src\res\cth_vk_res_destruction-queue.cpp">
      <Filter>Source Files</Filter>
    </ClCompile>
    <ClCompile Include="src\res\cth_vk_res_destruction-queue.ixx">
      <Filter>Source Files</Filter>
    </ClCompile>
    <ClCompile Include="src\res\cth_vk_res_memory.cpp">
      <Filter>Source Files</Filter>
    </ClCompile>
    <ClCompile Include="src\res\cth_vk_res_memory.ixx">
      <Filter>Source Files</Filter>
    </ClCompile>
    <ClCompile Include="src\submit\cth_vk_submit_info.cpp">
      <Filter>Source Files</Filter>
    </ClCompile>
    <ClCompile Include="src\submit\cth_vk_submit_info.ixx">
      <Filter>Source Files</Filter>
    </ClCompile>
    <ClCompile Include="src\submit\cth_vk_submit_present-info.cpp">
      <Filter>Source Files</Filter>
    </ClCompile>
    <ClCompile Include="src\submit\cth_vk_submit_present-info.ixx">
      <Filter>Source Files</Filter>
    </ClCompile>
    <ClCompile Include="src\submit\cth_vk_submit_queue.cpp">
      <Filter>Source Files</Filter>
    </ClCompile>
    <ClCompile Include="src\submit\cth_vk_submit_queue.ixx">
      <Filter>Source Files</Filter>
    </ClCompile>
    <ClCompile Include="src\submit\cth_vk_submit_queue-family.ixx">
      <Filter>Source Files</Filter>
    </ClCompile>
    <ClCompile Include="src\submit\cth_vk_submit_queue-info.ixx">
      <Filter>Source Files</Filter>
    </ClCompile>
    <ClCompile Include="src\util\constants\cth_vk_constants_debug.ixx">
      <Filter>Source Files</Filter>
    </ClCompile>
    <ClCompile Include="src\util\constants\cth_vk_constants_device.ixx">
      <Filter>Source Files</Filter>
    </ClCompile>
    <ClCompile Include="src\util\features\cth_vk_physical_device_features.cpp">
      <Filter>Source Files</Filter>
    </ClCompile>
    <ClCompile Include="src\util\features\cth_vk_physical_device_features.ixx">
      <Filter>Source Files</Filter>
    </ClCompile>
    <ClCompile Include="src\util\fmt\cth_vk_fmt_cxpr_string.ixx">
      <Filter>Source Files</Filter>
    </ClCompile>
    <ClCompile Include="src\util\fmt\cth_vk_fmt_to_string.ixx">
      <Filter>Source Files</Filter>
    </ClCompile>
    <ClCompile Include="src\util\cth_vk_constants.ixx">
      <Filter>Source Files</Filter>
    </ClCompile>
    <ClCompile Include="src\util\cth_vk_exception.ixx">
      <Filter>Source Files</Filter>
    </ClCompile>
    <ClCompile Include="src\util\cth_vk_fmt.ixx">
      <Filter>Source Files</Filter>
    </ClCompile>
    <ClCompile Include="src\util\cth_vk_util_overloads.ixx">
      <Filter>Source Files</Filter>
    </ClCompile>
    <ClCompile Include="src\util\cth_vk_util_types.ixx">
      <Filter>Source Files</Filter>
    </ClCompile>
    <ClCompile Include="src\render\exec\cth_vk_render_exce_vertex.ixx">
      <Filter>Source Files</Filter>
    </ClCompile>
    <ClCompile Include="include\cth_vk.ixx">
      <Filter>Source Files</Filter>
    </ClCompile>
    <ClCompile Include="include\cth_vk_base.ixx">
      <Filter>Source Files</Filter>
    </ClCompile>
    <ClCompile Include="include\cth_vk_debug.ixx">
      <Filter>Source Files</Filter>
    </ClCompile>
    <ClCompile Include="include\cth_vk_init.ixx">
      <Filter>Source Files</Filter>
    </ClCompile>
    <ClCompile Include="include\cth_vk_present.ixx">
      <Filter>Source Files</Filter>
    </ClCompile>
    <ClCompile Include="include\cth_vk_render.ixx">
      <Filter>Source Files</Filter>
    </ClCompile>
    <ClCompile Include="include\cth_vk_render_exec.ixx">
      <Filter>Source Files</Filter>
    </ClCompile>
    <ClCompile Include="include\cth_vk_render_rec.ixx">
      <Filter>Source Files</Filter>
    </ClCompile>
    <ClCompile Include="include\cth_vk_render_rec_cmd.ixx">
      <Filter>Source Files</Filter>
    </ClCompile>
    <ClCompile Include="include\cth_vk_render_sync.ixx">
      <Filter>Source Files</Filter>
    </ClCompile>
    <ClCompile Include="include\cth_vk_res.ixx">
      <Filter>Source Files</Filter>
    </ClCompile>
    <ClCompile Include="include\cth_vk_res_buffers.ixx">
      <Filter>Source Files</Filter>
    </ClCompile>
    <ClCompile Include="include\cth_vk_res_descriptor.ixx">
      <Filter>Source Files</Filter>
    </ClCompile>
    <ClCompile Include="include\cth_vk_res_descriptors.ixx">
      <Filter>Source Files</Filter>
    </ClCompile>
    <ClCompile Include="include\cth_vk_res_img.ixx">
      <Filter>Source Files</Filter>
    </ClCompile>
    <ClCompile Include="include\cth_vk_submit.ixx">
      <Filter>Source Files</Filter>
    </ClCompile>
    <ClCompile Include="include\cth_vk_util.ixx">
      <Filter>Source Files</Filter>
    </ClCompile>
  </ItemGroup>
  <ItemGroup>
    <None Include="src\render\rec\cmd\inl\cth_vk_render_rec_cmd_buffer_base.inl">
      <Filter>Header Files</Filter>
    </None>
    <None Include="src\res\buffers\cth_vk_res_buffer.inl">
      <Filter>Header Files</Filter>
    </None>
    <None Include="src\util\fmt\cth_vk_to_string.inl">
      <Filter>Header Files</Filter>
    </None>
  </ItemGroup>
</Project>